// !$*UTF8*$!
{
	archiveVersion = 1;
	classes = {
	};
	objectVersion = 46;
	objects = {

/* Begin PBXBuildFile section */
		A0630BFF1F2CA26A00EC3639 /* AppDelegate.swift in Sources */ = {isa = PBXBuildFile; fileRef = A0630BFE1F2CA26A00EC3639 /* AppDelegate.swift */; };
		A0630C011F2CA26A00EC3639 /* ViewController.swift in Sources */ = {isa = PBXBuildFile; fileRef = A0630C001F2CA26A00EC3639 /* ViewController.swift */; };
		A0630C041F2CA26A00EC3639 /* Main.storyboard in Resources */ = {isa = PBXBuildFile; fileRef = A0630C021F2CA26A00EC3639 /* Main.storyboard */; };
		A0630C061F2CA26A00EC3639 /* Assets.xcassets in Resources */ = {isa = PBXBuildFile; fileRef = A0630C051F2CA26A00EC3639 /* Assets.xcassets */; };
		A0630C091F2CA26A00EC3639 /* LaunchScreen.storyboard in Resources */ = {isa = PBXBuildFile; fileRef = A0630C071F2CA26A00EC3639 /* LaunchScreen.storyboard */; };
		A0630C141F2CA26A00EC3639 /* PageScrollTests.swift in Sources */ = {isa = PBXBuildFile; fileRef = A0630C131F2CA26A00EC3639 /* PageScrollTests.swift */; };
		A0630C1F1F2CA26A00EC3639 /* PageScrollUITests.swift in Sources */ = {isa = PBXBuildFile; fileRef = A0630C1E1F2CA26A00EC3639 /* PageScrollUITests.swift */; };
/* End PBXBuildFile section */

/* Begin PBXContainerItemProxy section */
		A0630C101F2CA26A00EC3639 /* PBXContainerItemProxy */ = {
			isa = PBXContainerItemProxy;
			containerPortal = A0630BF31F2CA26A00EC3639 /* Project object */;
			proxyType = 1;
			remoteGlobalIDString = A0630BFA1F2CA26A00EC3639;
			remoteInfo = PageScroll;
		};
		A0630C1B1F2CA26A00EC3639 /* PBXContainerItemProxy */ = {
			isa = PBXContainerItemProxy;
			containerPortal = A0630BF31F2CA26A00EC3639 /* Project object */;
			proxyType = 1;
			remoteGlobalIDString = A0630BFA1F2CA26A00EC3639;
			remoteInfo = PageScroll;
		};
/* End PBXContainerItemProxy section */

/* Begin PBXFileReference section */
		A0630BFB1F2CA26A00EC3639 /* PageScroll.app */ = {isa = PBXFileReference; explicitFileType = wrapper.application; includeInIndex = 0; path = PageScroll.app; sourceTree = BUILT_PRODUCTS_DIR; };
		A0630BFE1F2CA26A00EC3639 /* AppDelegate.swift */ = {isa = PBXFileReference; lastKnownFileType = sourcecode.swift; path = AppDelegate.swift; sourceTree = "<group>"; };
		A0630C001F2CA26A00EC3639 /* ViewController.swift */ = {isa = PBXFileReference; lastKnownFileType = sourcecode.swift; path = ViewController.swift; sourceTree = "<group>"; };
		A0630C031F2CA26A00EC3639 /* Base */ = {isa = PBXFileReference; lastKnownFileType = file.storyboard; name = Base; path = Base.lproj/Main.storyboard; sourceTree = "<group>"; };
		A0630C051F2CA26A00EC3639 /* Assets.xcassets */ = {isa = PBXFileReference; lastKnownFileType = folder.assetcatalog; path = Assets.xcassets; sourceTree = "<group>"; };
		A0630C081F2CA26A00EC3639 /* Base */ = {isa = PBXFileReference; lastKnownFileType = file.storyboard; name = Base; path = Base.lproj/LaunchScreen.storyboard; sourceTree = "<group>"; };
		A0630C0A1F2CA26A00EC3639 /* Info.plist */ = {isa = PBXFileReference; lastKnownFileType = text.plist.xml; path = Info.plist; sourceTree = "<group>"; };
		A0630C0F1F2CA26A00EC3639 /* PageScrollTests.xctest */ = {isa = PBXFileReference; explicitFileType = wrapper.cfbundle; includeInIndex = 0; path = PageScrollTests.xctest; sourceTree = BUILT_PRODUCTS_DIR; };
		A0630C131F2CA26A00EC3639 /* PageScrollTests.swift */ = {isa = PBXFileReference; lastKnownFileType = sourcecode.swift; path = PageScrollTests.swift; sourceTree = "<group>"; };
		A0630C151F2CA26A00EC3639 /* Info.plist */ = {isa = PBXFileReference; lastKnownFileType = text.plist.xml; path = Info.plist; sourceTree = "<group>"; };
		A0630C1A1F2CA26A00EC3639 /* PageScrollUITests.xctest */ = {isa = PBXFileReference; explicitFileType = wrapper.cfbundle; includeInIndex = 0; path = PageScrollUITests.xctest; sourceTree = BUILT_PRODUCTS_DIR; };
		A0630C1E1F2CA26A00EC3639 /* PageScrollUITests.swift */ = {isa = PBXFileReference; lastKnownFileType = sourcecode.swift; path = PageScrollUITests.swift; sourceTree = "<group>"; };
		A0630C201F2CA26A00EC3639 /* Info.plist */ = {isa = PBXFileReference; lastKnownFileType = text.plist.xml; path = Info.plist; sourceTree = "<group>"; };
/* End PBXFileReference section */

/* Begin PBXFrameworksBuildPhase section */
		A0630BF81F2CA26A00EC3639 /* Frameworks */ = {
			isa = PBXFrameworksBuildPhase;
			buildActionMask = 2147483647;
			files = (
			);
			runOnlyForDeploymentPostprocessing = 0;
		};
		A0630C0C1F2CA26A00EC3639 /* Frameworks */ = {
			isa = PBXFrameworksBuildPhase;
			buildActionMask = 2147483647;
			files = (
			);
			runOnlyForDeploymentPostprocessing = 0;
		};
		A0630C171F2CA26A00EC3639 /* Frameworks */ = {
			isa = PBXFrameworksBuildPhase;
			buildActionMask = 2147483647;
			files = (
			);
			runOnlyForDeploymentPostprocessing = 0;
		};
/* End PBXFrameworksBuildPhase section */

/* Begin PBXGroup section */
		A0630BF21F2CA26A00EC3639 = {
			isa = PBXGroup;
			children = (
				A0630BFD1F2CA26A00EC3639 /* PageScroll */,
				A0630C121F2CA26A00EC3639 /* PageScrollTests */,
				A0630C1D1F2CA26A00EC3639 /* PageScrollUITests */,
				A0630BFC1F2CA26A00EC3639 /* Products */,
			);
			sourceTree = "<group>";
		};
		A0630BFC1F2CA26A00EC3639 /* Products */ = {
			isa = PBXGroup;
			children = (
				A0630BFB1F2CA26A00EC3639 /* PageScroll.app */,
				A0630C0F1F2CA26A00EC3639 /* PageScrollTests.xctest */,
				A0630C1A1F2CA26A00EC3639 /* PageScrollUITests.xctest */,
			);
			name = Products;
			sourceTree = "<group>";
		};
		A0630BFD1F2CA26A00EC3639 /* PageScroll */ = {
			isa = PBXGroup;
			children = (
				A0630BFE1F2CA26A00EC3639 /* AppDelegate.swift */,
				A0630C001F2CA26A00EC3639 /* ViewController.swift */,
				A0630C021F2CA26A00EC3639 /* Main.storyboard */,
				A0630C051F2CA26A00EC3639 /* Assets.xcassets */,
				A0630C071F2CA26A00EC3639 /* LaunchScreen.storyboard */,
				A0630C0A1F2CA26A00EC3639 /* Info.plist */,
			);
			path = PageScroll;
			sourceTree = "<group>";
		};
		A0630C121F2CA26A00EC3639 /* PageScrollTests */ = {
			isa = PBXGroup;
			children = (
				A0630C131F2CA26A00EC3639 /* PageScrollTests.swift */,
				A0630C151F2CA26A00EC3639 /* Info.plist */,
			);
			path = PageScrollTests;
			sourceTree = "<group>";
		};
		A0630C1D1F2CA26A00EC3639 /* PageScrollUITests */ = {
			isa = PBXGroup;
			children = (
				A0630C1E1F2CA26A00EC3639 /* PageScrollUITests.swift */,
				A0630C201F2CA26A00EC3639 /* Info.plist */,
			);
			path = PageScrollUITests;
			sourceTree = "<group>";
		};
/* End PBXGroup section */

/* Begin PBXNativeTarget section */
		A0630BFA1F2CA26A00EC3639 /* PageScroll */ = {
			isa = PBXNativeTarget;
			buildConfigurationList = A0630C231F2CA26A00EC3639 /* Build configuration list for PBXNativeTarget "PageScroll" */;
			buildPhases = (
				A0630BF71F2CA26A00EC3639 /* Sources */,
				A0630BF81F2CA26A00EC3639 /* Frameworks */,
				A0630BF91F2CA26A00EC3639 /* Resources */,
			);
			buildRules = (
			);
			dependencies = (
			);
			name = PageScroll;
			productName = PageScroll;
			productReference = A0630BFB1F2CA26A00EC3639 /* PageScroll.app */;
			productType = "com.apple.product-type.application";
		};
		A0630C0E1F2CA26A00EC3639 /* PageScrollTests */ = {
			isa = PBXNativeTarget;
			buildConfigurationList = A0630C261F2CA26A00EC3639 /* Build configuration list for PBXNativeTarget "PageScrollTests" */;
			buildPhases = (
				A0630C0B1F2CA26A00EC3639 /* Sources */,
				A0630C0C1F2CA26A00EC3639 /* Frameworks */,
				A0630C0D1F2CA26A00EC3639 /* Resources */,
			);
			buildRules = (
			);
			dependencies = (
				A0630C111F2CA26A00EC3639 /* PBXTargetDependency */,
			);
			name = PageScrollTests;
			productName = PageScrollTests;
			productReference = A0630C0F1F2CA26A00EC3639 /* PageScrollTests.xctest */;
			productType = "com.apple.product-type.bundle.unit-test";
		};
		A0630C191F2CA26A00EC3639 /* PageScrollUITests */ = {
			isa = PBXNativeTarget;
			buildConfigurationList = A0630C291F2CA26A00EC3639 /* Build configuration list for PBXNativeTarget "PageScrollUITests" */;
			buildPhases = (
				A0630C161F2CA26A00EC3639 /* Sources */,
				A0630C171F2CA26A00EC3639 /* Frameworks */,
				A0630C181F2CA26A00EC3639 /* Resources */,
			);
			buildRules = (
			);
			dependencies = (
				A0630C1C1F2CA26A00EC3639 /* PBXTargetDependency */,
			);
			name = PageScrollUITests;
			productName = PageScrollUITests;
			productReference = A0630C1A1F2CA26A00EC3639 /* PageScrollUITests.xctest */;
			productType = "com.apple.product-type.bundle.ui-testing";
		};
/* End PBXNativeTarget section */

/* Begin PBXProject section */
		A0630BF31F2CA26A00EC3639 /* Project object */ = {
			isa = PBXProject;
			attributes = {
				LastSwiftUpdateCheck = 0830;
				LastUpgradeCheck = 0830;
				ORGANIZATIONNAME = "Eduardo C Oliveira";
				TargetAttributes = {
					A0630BFA1F2CA26A00EC3639 = {
						CreatedOnToolsVersion = 8.3.3;
						ProvisioningStyle = Automatic;
					};
					A0630C0E1F2CA26A00EC3639 = {
						CreatedOnToolsVersion = 8.3.3;
						ProvisioningStyle = Automatic;
						TestTargetID = A0630BFA1F2CA26A00EC3639;
					};
					A0630C191F2CA26A00EC3639 = {
						CreatedOnToolsVersion = 8.3.3;
						ProvisioningStyle = Automatic;
						TestTargetID = A0630BFA1F2CA26A00EC3639;
					};
				};
			};
			buildConfigurationList = A0630BF61F2CA26A00EC3639 /* Build configuration list for PBXProject "PageScroll" */;
			compatibilityVersion = "Xcode 3.2";
			developmentRegion = English;
			hasScannedForEncodings = 0;
			knownRegions = (
				en,
				Base,
			);
			mainGroup = A0630BF21F2CA26A00EC3639;
			productRefGroup = A0630BFC1F2CA26A00EC3639 /* Products */;
			projectDirPath = "";
			projectRoot = "";
			targets = (
				A0630BFA1F2CA26A00EC3639 /* PageScroll */,
				A0630C0E1F2CA26A00EC3639 /* PageScrollTests */,
				A0630C191F2CA26A00EC3639 /* PageScrollUITests */,
			);
		};
/* End PBXProject section */

/* Begin PBXResourcesBuildPhase section */
		A0630BF91F2CA26A00EC3639 /* Resources */ = {
			isa = PBXResourcesBuildPhase;
			buildActionMask = 2147483647;
			files = (
				A0630C091F2CA26A00EC3639 /* LaunchScreen.storyboard in Resources */,
				A0630C061F2CA26A00EC3639 /* Assets.xcassets in Resources */,
				A0630C041F2CA26A00EC3639 /* Main.storyboard in Resources */,
			);
			runOnlyForDeploymentPostprocessing = 0;
		};
		A0630C0D1F2CA26A00EC3639 /* Resources */ = {
			isa = PBXResourcesBuildPhase;
			buildActionMask = 2147483647;
			files = (
			);
			runOnlyForDeploymentPostprocessing = 0;
		};
		A0630C181F2CA26A00EC3639 /* Resources */ = {
			isa = PBXResourcesBuildPhase;
			buildActionMask = 2147483647;
			files = (
			);
			runOnlyForDeploymentPostprocessing = 0;
		};
/* End PBXResourcesBuildPhase section */

/* Begin PBXSourcesBuildPhase section */
		A0630BF71F2CA26A00EC3639 /* Sources */ = {
			isa = PBXSourcesBuildPhase;
			buildActionMask = 2147483647;
			files = (
				A0630C011F2CA26A00EC3639 /* ViewController.swift in Sources */,
				A0630BFF1F2CA26A00EC3639 /* AppDelegate.swift in Sources */,
			);
			runOnlyForDeploymentPostprocessing = 0;
		};
		A0630C0B1F2CA26A00EC3639 /* Sources */ = {
			isa = PBXSourcesBuildPhase;
			buildActionMask = 2147483647;
			files = (
				A0630C141F2CA26A00EC3639 /* PageScrollTests.swift in Sources */,
			);
			runOnlyForDeploymentPostprocessing = 0;
		};
		A0630C161F2CA26A00EC3639 /* Sources */ = {
			isa = PBXSourcesBuildPhase;
			buildActionMask = 2147483647;
			files = (
				A0630C1F1F2CA26A00EC3639 /* PageScrollUITests.swift in Sources */,
			);
			runOnlyForDeploymentPostprocessing = 0;
		};
/* End PBXSourcesBuildPhase section */

/* Begin PBXTargetDependency section */
		A0630C111F2CA26A00EC3639 /* PBXTargetDependency */ = {
			isa = PBXTargetDependency;
			target = A0630BFA1F2CA26A00EC3639 /* PageScroll */;
			targetProxy = A0630C101F2CA26A00EC3639 /* PBXContainerItemProxy */;
		};
		A0630C1C1F2CA26A00EC3639 /* PBXTargetDependency */ = {
			isa = PBXTargetDependency;
			target = A0630BFA1F2CA26A00EC3639 /* PageScroll */;
			targetProxy = A0630C1B1F2CA26A00EC3639 /* PBXContainerItemProxy */;
		};
/* End PBXTargetDependency section */

/* Begin PBXVariantGroup section */
		A0630C021F2CA26A00EC3639 /* Main.storyboard */ = {
			isa = PBXVariantGroup;
			children = (
				A0630C031F2CA26A00EC3639 /* Base */,
			);
			name = Main.storyboard;
			sourceTree = "<group>";
		};
		A0630C071F2CA26A00EC3639 /* LaunchScreen.storyboard */ = {
			isa = PBXVariantGroup;
			children = (
				A0630C081F2CA26A00EC3639 /* Base */,
			);
			name = LaunchScreen.storyboard;
			sourceTree = "<group>";
		};
/* End PBXVariantGroup section */

/* Begin XCBuildConfiguration section */
		A0630C211F2CA26A00EC3639 /* Debug */ = {
			isa = XCBuildConfiguration;
			buildSettings = {
				ALWAYS_SEARCH_USER_PATHS = NO;
				CLANG_ANALYZER_NONNULL = YES;
				CLANG_ANALYZER_NUMBER_OBJECT_CONVERSION = YES_AGGRESSIVE;
				CLANG_CXX_LANGUAGE_STANDARD = "gnu++0x";
				CLANG_CXX_LIBRARY = "libc++";
				CLANG_ENABLE_MODULES = YES;
				CLANG_ENABLE_OBJC_ARC = YES;
				CLANG_WARN_BOOL_CONVERSION = YES;
				CLANG_WARN_CONSTANT_CONVERSION = YES;
				CLANG_WARN_DIRECT_OBJC_ISA_USAGE = YES_ERROR;
				CLANG_WARN_DOCUMENTATION_COMMENTS = YES;
				CLANG_WARN_EMPTY_BODY = YES;
				CLANG_WARN_ENUM_CONVERSION = YES;
				CLANG_WARN_INFINITE_RECURSION = YES;
				CLANG_WARN_INT_CONVERSION = YES;
				CLANG_WARN_OBJC_ROOT_CLASS = YES_ERROR;
				CLANG_WARN_SUSPICIOUS_MOVE = YES;
				CLANG_WARN_UNREACHABLE_CODE = YES;
				CLANG_WARN__DUPLICATE_METHOD_MATCH = YES;
				"CODE_SIGN_IDENTITY[sdk=iphoneos*]" = "iPhone Developer";
				COPY_PHASE_STRIP = NO;
				DEBUG_INFORMATION_FORMAT = dwarf;
				ENABLE_STRICT_OBJC_MSGSEND = YES;
				ENABLE_TESTABILITY = YES;
				GCC_C_LANGUAGE_STANDARD = gnu99;
				GCC_DYNAMIC_NO_PIC = NO;
				GCC_NO_COMMON_BLOCKS = YES;
				GCC_OPTIMIZATION_LEVEL = 0;
				GCC_PREPROCESSOR_DEFINITIONS = (
					"DEBUG=1",
					"$(inherited)",
				);
				GCC_WARN_64_TO_32_BIT_CONVERSION = YES;
				GCC_WARN_ABOUT_RETURN_TYPE = YES_ERROR;
				GCC_WARN_UNDECLARED_SELECTOR = YES;
				GCC_WARN_UNINITIALIZED_AUTOS = YES_AGGRESSIVE;
				GCC_WARN_UNUSED_FUNCTION = YES;
				GCC_WARN_UNUSED_VARIABLE = YES;
				IPHONEOS_DEPLOYMENT_TARGET = 10.3;
				MTL_ENABLE_DEBUG_INFO = YES;
				ONLY_ACTIVE_ARCH = YES;
				SDKROOT = iphoneos;
				SWIFT_ACTIVE_COMPILATION_CONDITIONS = DEBUG;
				SWIFT_OPTIMIZATION_LEVEL = "-Onone";
				TARGETED_DEVICE_FAMILY = "1,2";
			};
			name = Debug;
		};
		A0630C221F2CA26A00EC3639 /* Release */ = {
			isa = XCBuildConfiguration;
			buildSettings = {
				ALWAYS_SEARCH_USER_PATHS = NO;
				CLANG_ANALYZER_NONNULL = YES;
				CLANG_ANALYZER_NUMBER_OBJECT_CONVERSION = YES_AGGRESSIVE;
				CLANG_CXX_LANGUAGE_STANDARD = "gnu++0x";
				CLANG_CXX_LIBRARY = "libc++";
				CLANG_ENABLE_MODULES = YES;
				CLANG_ENABLE_OBJC_ARC = YES;
				CLANG_WARN_BOOL_CONVERSION = YES;
				CLANG_WARN_CONSTANT_CONVERSION = YES;
				CLANG_WARN_DIRECT_OBJC_ISA_USAGE = YES_ERROR;
				CLANG_WARN_DOCUMENTATION_COMMENTS = YES;
				CLANG_WARN_EMPTY_BODY = YES;
				CLANG_WARN_ENUM_CONVERSION = YES;
				CLANG_WARN_INFINITE_RECURSION = YES;
				CLANG_WARN_INT_CONVERSION = YES;
				CLANG_WARN_OBJC_ROOT_CLASS = YES_ERROR;
				CLANG_WARN_SUSPICIOUS_MOVE = YES;
				CLANG_WARN_UNREACHABLE_CODE = YES;
				CLANG_WARN__DUPLICATE_METHOD_MATCH = YES;
				"CODE_SIGN_IDENTITY[sdk=iphoneos*]" = "iPhone Developer";
				COPY_PHASE_STRIP = NO;
				DEBUG_INFORMATION_FORMAT = "dwarf-with-dsym";
				ENABLE_NS_ASSERTIONS = NO;
				ENABLE_STRICT_OBJC_MSGSEND = YES;
				GCC_C_LANGUAGE_STANDARD = gnu99;
				GCC_NO_COMMON_BLOCKS = YES;
				GCC_WARN_64_TO_32_BIT_CONVERSION = YES;
				GCC_WARN_ABOUT_RETURN_TYPE = YES_ERROR;
				GCC_WARN_UNDECLARED_SELECTOR = YES;
				GCC_WARN_UNINITIALIZED_AUTOS = YES_AGGRESSIVE;
				GCC_WARN_UNUSED_FUNCTION = YES;
				GCC_WARN_UNUSED_VARIABLE = YES;
				IPHONEOS_DEPLOYMENT_TARGET = 10.3;
				MTL_ENABLE_DEBUG_INFO = NO;
				SDKROOT = iphoneos;
				SWIFT_OPTIMIZATION_LEVEL = "-Owholemodule";
				TARGETED_DEVICE_FAMILY = "1,2";
				VALIDATE_PRODUCT = YES;
			};
			name = Release;
		};
		A0630C241F2CA26A00EC3639 /* Debug */ = {
			isa = XCBuildConfiguration;
			buildSettings = {
				ASSETCATALOG_COMPILER_APPICON_NAME = AppIcon;
				INFOPLIST_FILE = PageScroll/Info.plist;
				LD_RUNPATH_SEARCH_PATHS = "$(inherited) @executable_path/Frameworks";
				PRODUCT_BUNDLE_IDENTIFIER = "Ed-Testes.PageScroll";
				PRODUCT_NAME = "$(TARGET_NAME)";
				SWIFT_VERSION = 3.0;
			};
			name = Debug;
		};
		A0630C251F2CA26A00EC3639 /* Release */ = {
			isa = XCBuildConfiguration;
			buildSettings = {
				ASSETCATALOG_COMPILER_APPICON_NAME = AppIcon;
				INFOPLIST_FILE = PageScroll/Info.plist;
				LD_RUNPATH_SEARCH_PATHS = "$(inherited) @executable_path/Frameworks";
				PRODUCT_BUNDLE_IDENTIFIER = "Ed-Testes.PageScroll";
				PRODUCT_NAME = "$(TARGET_NAME)";
				SWIFT_VERSION = 3.0;
			};
			name = Release;
		};
		A0630C271F2CA26A00EC3639 /* Debug */ = {
			isa = XCBuildConfiguration;
			buildSettings = {
				ALWAYS_EMBED_SWIFT_STANDARD_LIBRARIES = YES;
				BUNDLE_LOADER = "$(TEST_HOST)";
				INFOPLIST_FILE = PageScrollTests/Info.plist;
				LD_RUNPATH_SEARCH_PATHS = "$(inherited) @executable_path/Frameworks @loader_path/Frameworks";
				PRODUCT_BUNDLE_IDENTIFIER = "Ed-Testes.PageScrollTests";
				PRODUCT_NAME = "$(TARGET_NAME)";
				SWIFT_VERSION = 3.0;
				TEST_HOST = "$(BUILT_PRODUCTS_DIR)/PageScroll.app/PageScroll";
			};
			name = Debug;
		};
		A0630C281F2CA26A00EC3639 /* Release */ = {
			isa = XCBuildConfiguration;
			buildSettings = {
				ALWAYS_EMBED_SWIFT_STANDARD_LIBRARIES = YES;
				BUNDLE_LOADER = "$(TEST_HOST)";
				INFOPLIST_FILE = PageScrollTests/Info.plist;
				LD_RUNPATH_SEARCH_PATHS = "$(inherited) @executable_path/Frameworks @loader_path/Frameworks";
				PRODUCT_BUNDLE_IDENTIFIER = "Ed-Testes.PageScrollTests";
				PRODUCT_NAME = "$(TARGET_NAME)";
				SWIFT_VERSION = 3.0;
				TEST_HOST = "$(BUILT_PRODUCTS_DIR)/PageScroll.app/PageScroll";
			};
			name = Release;
		};
		A0630C2A1F2CA26A00EC3639 /* Debug */ = {
			isa = XCBuildConfiguration;
			buildSettings = {
				ALWAYS_EMBED_SWIFT_STANDARD_LIBRARIES = YES;
				INFOPLIST_FILE = PageScrollUITests/Info.plist;
				LD_RUNPATH_SEARCH_PATHS = "$(inherited) @executable_path/Frameworks @loader_path/Frameworks";
				PRODUCT_BUNDLE_IDENTIFIER = "Ed-Testes.PageScrollUITests";
				PRODUCT_NAME = "$(TARGET_NAME)";
				SWIFT_VERSION = 3.0;
				TEST_TARGET_NAME = PageScroll;
			};
			name = Debug;
		};
		A0630C2B1F2CA26A00EC3639 /* Release */ = {
			isa = XCBuildConfiguration;
			buildSettings = {
				ALWAYS_EMBED_SWIFT_STANDARD_LIBRARIES = YES;
				INFOPLIST_FILE = PageScrollUITests/Info.plist;
				LD_RUNPATH_SEARCH_PATHS = "$(inherited) @executable_path/Frameworks @loader_path/Frameworks";
				PRODUCT_BUNDLE_IDENTIFIER = "Ed-Testes.PageScrollUITests";
				PRODUCT_NAME = "$(TARGET_NAME)";
				SWIFT_VERSION = 3.0;
				TEST_TARGET_NAME = PageScroll;
			};
			name = Release;
		};
/* End XCBuildConfiguration section */

/* Begin XCConfigurationList section */
		A0630BF61F2CA26A00EC3639 /* Build configuration list for PBXProject "PageScroll" */ = {
			isa = XCConfigurationList;
			buildConfigurations = (
				A0630C211F2CA26A00EC3639 /* Debug */,
				A0630C221F2CA26A00EC3639 /* Release */,
			);
			defaultConfigurationIsVisible = 0;
			defaultConfigurationName = Release;
		};
		A0630C231F2CA26A00EC3639 /* Build configuration list for PBXNativeTarget "PageScroll" */ = {
			isa = XCConfigurationList;
			buildConfigurations = (
				A0630C241F2CA26A00EC3639 /* Debug */,
				A0630C251F2CA26A00EC3639 /* Release */,
			);
			defaultConfigurationIsVisible = 0;
		};
		A0630C261F2CA26A00EC3639 /* Build configuration list for PBXNativeTarget "PageScrollTests" */ = {
			isa = XCConfigurationList;
			buildConfigurations = (
				A0630C271F2CA26A00EC3639 /* Debug */,
				A0630C281F2CA26A00EC3639 /* Release */,
			);
			defaultConfigurationIsVisible = 0;
		};
		A0630C291F2CA26A00EC3639 /* Build configuration list for PBXNativeTarget "PageScrollUITests" */ = {
			isa = XCConfigurationList;
			buildConfigurations = (
				A0630C2A1F2CA26A00EC3639 /* Debug */,
				A0630C2B1F2CA26A00EC3639 /* Release */,
			);
			defaultConfigurationIsVisible = 0;
		};
/* End XCConfigurationList section */
	};
	rootObject = A0630BF31F2CA26A00EC3639 /* Project object */;
}
